
Microsoft Visual Studio Solution File, Format Version 12.00
# Visual Studio Version 16
VisualStudioVersion = 16.0.29306.81
MinimumVisualStudioVersion = 10.0.40219.1
Project("{8BC9CEB8-8B4A-11D0-8D11-00A0C91BC942}") = "CD 49.9", "CD 49.9\CD 49.9.vcxproj", "{AAC5564F-D771-4DEE-B603-A03F8AF7774F}"
EndProject
Global
	GlobalSection(SolutionConfigurationPlatforms) = preSolution
		Debug|x64 = Debug|x64
		Debug|x86 = Debug|x86
		Release|x64 = Release|x64
		Release|x86 = Release|x86
	EndGlobalSection
	GlobalSection(ProjectConfigurationPlatforms) = postSolution
		{AAC5564F-D771-4DEE-B603-A03F8AF7774F}.Debug|x64.ActiveCfg = Debug|x64
		{AAC5564F-D771-4DEE-B603-A03F8AF7774F}.Debug|x64.Build.0 = Debug|x64
		{AAC5564F-D771-4DEE-B603-A03F8AF7774F}.Debug|x86.ActiveCfg = Debug|Win32
		{AAC5564F-D771-4DEE-B603-A03F8AF7774F}.Debug|x86.Build.0 = Debug|Win32
		{AAC5564F-D771-4DEE-B603-A03F8AF7774F}.Release|x64.ActiveCfg = Release|x64
		{AAC5564F-D771-4DEE-B603-A03F8AF7774F}.Release|x64.Build.0 = Release|x64
		{AAC5564F-D771-4DEE-B603-A03F8AF7774F}.Release|x86.ActiveCfg = Release|Win32
		{AAC5564F-D771-4DEE-B603-A03F8AF7774F}.Release|x86.Build.0 = Release|Win32
	EndGlobalSection
	GlobalSection(SolutionProperties) = preSolution
		HideSolutionNode = FALSE
	EndGlobalSection
	GlobalSection(ExtensibilityGlobals) = postSolution
		SolutionGuid = {15716F8C-53B9-4A03-A35B-821B5F48DBA8}
	EndGlobalSection
EndGlobal
