
Microsoft Visual Studio Solution File, Format Version 12.00
# Visual Studio Version 16
VisualStudioVersion = 16.0.29306.81
MinimumVisualStudioVersion = 10.0.40219.1
Project("{8BC9CEB8-8B4A-11D0-8D11-00A0C91BC942}") = "CD 38.7", "CD 38.7\CD 38.7.vcxproj", "{8415248A-EDCF-4BBA-83C9-CAAA9A19CD6E}"
EndProject
Global
	GlobalSection(SolutionConfigurationPlatforms) = preSolution
		Debug|x64 = Debug|x64
		Debug|x86 = Debug|x86
		Release|x64 = Release|x64
		Release|x86 = Release|x86
	EndGlobalSection
	GlobalSection(ProjectConfigurationPlatforms) = postSolution
		{8415248A-EDCF-4BBA-83C9-CAAA9A19CD6E}.Debug|x64.ActiveCfg = Debug|x64
		{8415248A-EDCF-4BBA-83C9-CAAA9A19CD6E}.Debug|x64.Build.0 = Debug|x64
		{8415248A-EDCF-4BBA-83C9-CAAA9A19CD6E}.Debug|x86.ActiveCfg = Debug|Win32
		{8415248A-EDCF-4BBA-83C9-CAAA9A19CD6E}.Debug|x86.Build.0 = Debug|Win32
		{8415248A-EDCF-4BBA-83C9-CAAA9A19CD6E}.Release|x64.ActiveCfg = Release|x64
		{8415248A-EDCF-4BBA-83C9-CAAA9A19CD6E}.Release|x64.Build.0 = Release|x64
		{8415248A-EDCF-4BBA-83C9-CAAA9A19CD6E}.Release|x86.ActiveCfg = Release|Win32
		{8415248A-EDCF-4BBA-83C9-CAAA9A19CD6E}.Release|x86.Build.0 = Release|Win32
	EndGlobalSection
	GlobalSection(SolutionProperties) = preSolution
		HideSolutionNode = FALSE
	EndGlobalSection
	GlobalSection(ExtensibilityGlobals) = postSolution
		SolutionGuid = {FB047E2A-1FD7-4F46-AD13-8ABDCF0395ED}
	EndGlobalSection
EndGlobal
