
Microsoft Visual Studio Solution File, Format Version 12.00
# Visual Studio Version 16
VisualStudioVersion = 16.0.29306.81
MinimumVisualStudioVersion = 10.0.40219.1
Project("{8BC9CEB8-8B4A-11D0-8D11-00A0C91BC942}") = "CD 37.9", "CD 37.9\CD 37.9.vcxproj", "{DD03B451-8EF0-419B-8346-0BF7BA16879F}"
EndProject
Global
	GlobalSection(SolutionConfigurationPlatforms) = preSolution
		Debug|x64 = Debug|x64
		Debug|x86 = Debug|x86
		Release|x64 = Release|x64
		Release|x86 = Release|x86
	EndGlobalSection
	GlobalSection(ProjectConfigurationPlatforms) = postSolution
		{DD03B451-8EF0-419B-8346-0BF7BA16879F}.Debug|x64.ActiveCfg = Debug|x64
		{DD03B451-8EF0-419B-8346-0BF7BA16879F}.Debug|x64.Build.0 = Debug|x64
		{DD03B451-8EF0-419B-8346-0BF7BA16879F}.Debug|x86.ActiveCfg = Debug|Win32
		{DD03B451-8EF0-419B-8346-0BF7BA16879F}.Debug|x86.Build.0 = Debug|Win32
		{DD03B451-8EF0-419B-8346-0BF7BA16879F}.Release|x64.ActiveCfg = Release|x64
		{DD03B451-8EF0-419B-8346-0BF7BA16879F}.Release|x64.Build.0 = Release|x64
		{DD03B451-8EF0-419B-8346-0BF7BA16879F}.Release|x86.ActiveCfg = Release|Win32
		{DD03B451-8EF0-419B-8346-0BF7BA16879F}.Release|x86.Build.0 = Release|Win32
	EndGlobalSection
	GlobalSection(SolutionProperties) = preSolution
		HideSolutionNode = FALSE
	EndGlobalSection
	GlobalSection(ExtensibilityGlobals) = postSolution
		SolutionGuid = {80361EA6-954A-4F13-872E-891FFB85611A}
	EndGlobalSection
EndGlobal
