
Microsoft Visual Studio Solution File, Format Version 12.00
# Visual Studio Version 16
VisualStudioVersion = 16.0.29306.81
MinimumVisualStudioVersion = 10.0.40219.1
Project("{8BC9CEB8-8B4A-11D0-8D11-00A0C91BC942}") = "CD 63.11", "CD 63.11\CD 63.11.vcxproj", "{882442F5-8D67-4959-B6F4-1195FEBF629B}"
EndProject
Global
	GlobalSection(SolutionConfigurationPlatforms) = preSolution
		Debug|x64 = Debug|x64
		Debug|x86 = Debug|x86
		Release|x64 = Release|x64
		Release|x86 = Release|x86
	EndGlobalSection
	GlobalSection(ProjectConfigurationPlatforms) = postSolution
		{882442F5-8D67-4959-B6F4-1195FEBF629B}.Debug|x64.ActiveCfg = Debug|x64
		{882442F5-8D67-4959-B6F4-1195FEBF629B}.Debug|x64.Build.0 = Debug|x64
		{882442F5-8D67-4959-B6F4-1195FEBF629B}.Debug|x86.ActiveCfg = Debug|Win32
		{882442F5-8D67-4959-B6F4-1195FEBF629B}.Debug|x86.Build.0 = Debug|Win32
		{882442F5-8D67-4959-B6F4-1195FEBF629B}.Release|x64.ActiveCfg = Release|x64
		{882442F5-8D67-4959-B6F4-1195FEBF629B}.Release|x64.Build.0 = Release|x64
		{882442F5-8D67-4959-B6F4-1195FEBF629B}.Release|x86.ActiveCfg = Release|Win32
		{882442F5-8D67-4959-B6F4-1195FEBF629B}.Release|x86.Build.0 = Release|Win32
	EndGlobalSection
	GlobalSection(SolutionProperties) = preSolution
		HideSolutionNode = FALSE
	EndGlobalSection
	GlobalSection(ExtensibilityGlobals) = postSolution
		SolutionGuid = {9A1F34B5-7125-4C54-A3B9-4231F940C097}
	EndGlobalSection
EndGlobal
